PODS:
  - AFNetworking (4.0.1):
    - AFNetworking/NSURLSession (= 4.0.1)
    - AFNetworking/Reachability (= 4.0.1)
    - AFNetworking/Security (= 4.0.1)
    - AFNetworking/Serialization (= 4.0.1)
    - AFNetworking/UIKit (= 4.0.1)
  - AFNetworking/NSURLSession (4.0.1):
    - AFNetworking/Reachability
    - AFNetworking/Security
    - AFNetworking/Serialization
  - AFNetworking/Reachability (4.0.1)
  - AFNetworking/Security (4.0.1)
  - AFNetworking/Serialization (4.0.1)
  - AFNetworking/UIKit (4.0.1):
    - AFNetworking/NSURLSession
  - AppOrderFiles (1.0.2)
  - KLApplicationEntry (1.4.0)
  - KLCache (1.0.1)
  - KLCategory (1.4.3):
    - KLCategory/Foundation (= 1.4.3)
    - KLCategory/UIKit (= 1.4.3)
  - KLCategory/Foundation (1.4.3)
  - KLCategory/UIKit (1.4.3)
  - KLConsole (2.1.0):
    - Masonry
  - KLCrypto (1.0.0)
  - KLGuidePage (1.0.1):
    - Masonry
  - KLHomeService (0.0.2):
    - KLCategory
    - KLCrypto
    - KLImageView
    - KLLeaks
    - KLNavigationController
    - KLNetworkModule
    - KLUserInfoManager
    - Masonry
  - KLHomeServiceInterface (0.0.2):
    - KLServer
  - KLImageView (1.0.2):
    - KLCache
    - KLImageView/libwebp (= 1.0.2)
    - KLImageView/WebP (= 1.0.2)
  - KLImageView/libwebp (1.0.2):
    - KLCache
    - libwebp
  - KLImageView/WebP (1.0.2):
    - KLCache
  - KLLeaks (1.0.0)
  - KLModel (1.0.0)
  - KLNavigationController (1.1.0)
  - KLNetworkModule (2.1.1):
    - AFNetworking
  - KLServer (1.0.0)
  - KLUserInfoManager (1.0.1):
    - KLCache (~> 1.0.0)
    - KLModel (~> 1.0.0)
  - libwebp (1.1.0):
    - libwebp/demux (= 1.1.0)
    - libwebp/mux (= 1.1.0)
    - libwebp/webp (= 1.1.0)
  - libwebp/demux (1.1.0):
    - libwebp/webp
  - libwebp/mux (1.1.0):
    - libwebp/demux
  - libwebp/webp (1.1.0)
  - Masonry (1.1.0)
  - YKWoodpecker (1.2.8)

DEPENDENCIES:
  - AppOrderFiles
  - KLApplicationEntry (~> 1.4.0)
  - KLConsole (~> 2.1.0)
  - KLGuidePage (~> 1.0.0)
  - KLHomeService (from `https://github.com/Kalanhall/KLHomeService`)
  - KLHomeServiceInterface (~> 0.0.2)
  - KLLeaks (~> 1.0.0)
  - KLUserInfoManager (~> 1.0.1)
  - YKWoodpecker (~> 1.2.5)

SPEC REPOS:
  https://github.com/CocoaPods/Specs.git:
    - AFNetworking
    - AppOrderFiles
    - KLServer
    - libwebp
    - Masonry
    - YKWoodpecker
  https://github.com/Kalanhall/Specs.git:
    - KLApplicationEntry
    - KLCache
    - KLCategory
    - KLConsole
    - KLCrypto
    - KLGuidePage
    - KLHomeServiceInterface
    - KLImageView
    - KLLeaks
    - KLModel
    - KLNavigationController
    - KLNetworkModule
    - KLUserInfoManager

EXTERNAL SOURCES:
  KLHomeService:
    :git: https://github.com/Kalanhall/KLHomeService

CHECKOUT OPTIONS:
  KLHomeService:
    :commit: 59a715c036a402dcefe69816d635ff5aa83a6bd3
    :git: https://github.com/Kalanhall/KLHomeService

SPEC CHECKSUMS:
  AFNetworking: 7864c38297c79aaca1500c33288e429c3451fdce
  AppOrderFiles: ce8436cdae89e5831b93961ebc81415a3481c5a6
  KLApplicationEntry: 51fffce83930d6ed747c5fc739a90c57e605017a
  KLCache: 1bf0c622da8f7e4e3acf2569e1d02e60b11ff6e6
  KLCategory: 3e6880dd5b674326483cbc259d487fda5b387445
  KLConsole: 0f8e16dbcb82eeac11250d31e73bf76fcfc1ea99
  KLCrypto: 6f6e2ec8e1141ab42fe2bff74a7bb2309ddc33db
  KLGuidePage: 8b666079aa940f065e207677641a237aa66b1236
  KLHomeService: b4a8d609e4f2a89f733d66183ea4228d1affcf87
  KLHomeServiceInterface: a74652cceadb8dc468ca16fb2be8bcfb8b2a965a
  KLImageView: 6b752b4fa59f6dd12d63975d0f8c6b05a9aa4fc6
  KLLeaks: 665946f5ab269045f3d90974151af380c9770bc8
  KLModel: 68eb4580c629621bec437e2a318101295a2f0965
  KLNavigationController: bc9860e43a06103f3e12b7a2b89f27de48c7ff94
  KLNetworkModule: d34ef00d22f2213920151a4efb8685981004eb25
  KLServer: b37b4d567aa189afe1284ed316b4419f2029221e
  KLUserInfoManager: 1602e368ddc874308cfc1e8fe9638979ab17e713
  libwebp: 04242ef451672185c1fe41b285a034d2fbda483c
  Masonry: 678fab65091a9290e40e2832a55e7ab731aad201
  YKWoodpecker: c9c58ed903cde9507b0e9279c1c11abb119f32c2

PODFILE CHECKSUM: a60ce54d17a208305340c47e24f426ffafc5d168

COCOAPODS: 1.9.1
